
Microsoft Visual Studio Solution File, Format Version 12.00
# Visual Studio Version 16
VisualStudioVersion = 16.0.30804.86
MinimumVisualStudioVersion = 10.0.40219.1
Project("{9A19103F-16F7-4668-BE54-9A1E7A4F7556}") = "API", "API\API.csproj", "{E945A3F0-0322-4ACA-A9F5-DBD60B9E6578}"
EndProject
Project("{FAE04EC0-301F-11D3-BF4B-00C04F79EFBC}") = "MVC", "MVC\MVC.csproj", "{2343256D-E098-4BC6-9385-B18104657A42}"
EndProject
Global
	GlobalSection(SolutionConfigurationPlatforms) = preSolution
		Debug|Any CPU = Debug|Any CPU
		Release|Any CPU = Release|Any CPU
	EndGlobalSection
	GlobalSection(ProjectConfigurationPlatforms) = postSolution
		{E945A3F0-0322-4ACA-A9F5-DBD60B9E6578}.Debug|Any CPU.ActiveCfg = Debug|Any CPU
		{E945A3F0-0322-4ACA-A9F5-DBD60B9E6578}.Debug|Any CPU.Build.0 = Debug|Any CPU
		{E945A3F0-0322-4ACA-A9F5-DBD60B9E6578}.Release|Any CPU.ActiveCfg = Release|Any CPU
		{E945A3F0-0322-4ACA-A9F5-DBD60B9E6578}.Release|Any CPU.Build.0 = Release|Any CPU
		{2343256D-E098-4BC6-9385-B18104657A42}.Debug|Any CPU.ActiveCfg = Debug|Any CPU
		{2343256D-E098-4BC6-9385-B18104657A42}.Debug|Any CPU.Build.0 = Debug|Any CPU
		{2343256D-E098-4BC6-9385-B18104657A42}.Release|Any CPU.ActiveCfg = Release|Any CPU
		{2343256D-E098-4BC6-9385-B18104657A42}.Release|Any CPU.Build.0 = Release|Any CPU
	EndGlobalSection
	GlobalSection(SolutionProperties) = preSolution
		HideSolutionNode = FALSE
	EndGlobalSection
	GlobalSection(ExtensibilityGlobals) = postSolution
		SolutionGuid = {0429E6ED-9AE8-4A5F-8A21-BC6061CD02A7}
	EndGlobalSection
EndGlobal
